
Microsoft Visual Studio Solution File, Format Version 12.00
# Visual Studio Version 17
VisualStudioVersion = 17.3.32929.385
MinimumVisualStudioVersion = 10.0.40219.1
Project("{FAE04EC0-301F-11D3-BF4B-00C04F79EFBC}") = "WebAPI-CB", "WebAPI-CB\WebAPI-CB.csproj", "{DB53A7ED-ABAB-4FFF-B021-A188D414D44F}"
EndProject
Global
	GlobalSection(SolutionConfigurationPlatforms) = preSolution
		Debug|Any CPU = Debug|Any CPU
		Release|Any CPU = Release|Any CPU
	EndGlobalSection
	GlobalSection(ProjectConfigurationPlatforms) = postSolution
		{DB53A7ED-ABAB-4FFF-B021-A188D414D44F}.Debug|Any CPU.ActiveCfg = Debug|Any CPU
		{DB53A7ED-ABAB-4FFF-B021-A188D414D44F}.Debug|Any CPU.Build.0 = Debug|Any CPU
		{DB53A7ED-ABAB-4FFF-B021-A188D414D44F}.Release|Any CPU.ActiveCfg = Release|Any CPU
		{DB53A7ED-ABAB-4FFF-B021-A188D414D44F}.Release|Any CPU.Build.0 = Release|Any CPU
	EndGlobalSection
	GlobalSection(SolutionProperties) = preSolution
		HideSolutionNode = FALSE
	EndGlobalSection
	GlobalSection(ExtensibilityGlobals) = postSolution
		SolutionGuid = {CB14A875-F23D-451F-B9BC-F57A0E0F6D20}
	EndGlobalSection
EndGlobal
